
Microsoft Visual Studio Solution File, Format Version 12.00
# Visual Studio Version 16
VisualStudioVersion = 16.0.30114.105
MinimumVisualStudioVersion = 10.0.40219.1
Project("{FAE04EC0-301F-11D3-BF4B-00C04F79EFBC}") = "DrinkUI", "DrinkUI\DrinkUI.csproj", "{445F90B8-AEBA-4DED-9E5E-9CF7BAEB7D44}"
EndProject
Project("{FAE04EC0-301F-11D3-BF4B-00C04F79EFBC}") = "DrinkModel", "DrinkModel\DrinkModel.csproj", "{D0B80EEB-6A84-4C10-9C64-C58C66330015}"
EndProject
Global
	GlobalSection(SolutionConfigurationPlatforms) = preSolution
		Debug|Any CPU = Debug|Any CPU
		Release|Any CPU = Release|Any CPU
	EndGlobalSection
	GlobalSection(SolutionProperties) = preSolution
		HideSolutionNode = FALSE
	EndGlobalSection
	GlobalSection(ProjectConfigurationPlatforms) = postSolution
		{445F90B8-AEBA-4DED-9E5E-9CF7BAEB7D44}.Debug|Any CPU.ActiveCfg = Debug|Any CPU
		{445F90B8-AEBA-4DED-9E5E-9CF7BAEB7D44}.Debug|Any CPU.Build.0 = Debug|Any CPU
		{445F90B8-AEBA-4DED-9E5E-9CF7BAEB7D44}.Release|Any CPU.ActiveCfg = Release|Any CPU
		{445F90B8-AEBA-4DED-9E5E-9CF7BAEB7D44}.Release|Any CPU.Build.0 = Release|Any CPU
		{D0B80EEB-6A84-4C10-9C64-C58C66330015}.Debug|Any CPU.ActiveCfg = Debug|Any CPU
		{D0B80EEB-6A84-4C10-9C64-C58C66330015}.Debug|Any CPU.Build.0 = Debug|Any CPU
		{D0B80EEB-6A84-4C10-9C64-C58C66330015}.Release|Any CPU.ActiveCfg = Release|Any CPU
		{D0B80EEB-6A84-4C10-9C64-C58C66330015}.Release|Any CPU.Build.0 = Release|Any CPU
	EndGlobalSection
EndGlobal
